
Microsoft Visual Studio Solution File, Format Version 12.00
# Visual Studio Version 17
VisualStudioVersion = 17.1.32210.238
MinimumVisualStudioVersion = 10.0.40219.1
Project("{FAE04EC0-301F-11D3-BF4B-00C04F79EFBC}") = "Phantom", "Phantom\Phantom.csproj", "{9E412E1C-9C4B-456A-910C-C57BE1F26AE8}"
EndProject
Global
	GlobalSection(SolutionConfigurationPlatforms) = preSolution
		Debug|Any CPU = Debug|Any CPU
		Release|Any CPU = Release|Any CPU
	EndGlobalSection
	GlobalSection(ProjectConfigurationPlatforms) = postSolution
		{9E412E1C-9C4B-456A-910C-C57BE1F26AE8}.Debug|Any CPU.ActiveCfg = Debug|Any CPU
		{9E412E1C-9C4B-456A-910C-C57BE1F26AE8}.Debug|Any CPU.Build.0 = Debug|Any CPU
		{9E412E1C-9C4B-456A-910C-C57BE1F26AE8}.Release|Any CPU.ActiveCfg = Release|Any CPU
		{9E412E1C-9C4B-456A-910C-C57BE1F26AE8}.Release|Any CPU.Build.0 = Release|Any CPU
	EndGlobalSection
	GlobalSection(SolutionProperties) = preSolution
		HideSolutionNode = FALSE
	EndGlobalSection
	GlobalSection(ExtensibilityGlobals) = postSolution
		SolutionGuid = {4AED5571-D925-4238-9F24-3825259D7640}
	EndGlobalSection
EndGlobal
